<?xml version="1.0" encoding="utf-8"?>
<Project ToolsVersion="4.0" xmlns="http://schemas.microsoft.com/developer/msbuild/2003">
  <ItemGroup>
    <Text Include="ReadMe.txt" />
  </ItemGroup>
  <ItemGroup>
    <ClInclude Include="stdafx.h" />
    <ClInclude Include="targetver.h" />
    <ClInclude Include="compiler0.h" />
    <ClInclude Include="ast.h" />
    <ClInclude Include="common.h" />
    <ClInclude Include="vm.h" />
  </ItemGroup>
  <ItemGroup>
    <ClCompile Include="parser0.cpp" />
    <ClCompile Include="stdafx.cpp" />
    <ClCompile Include="compiler0.cpp" />
    <ClCompile Include="vm.cpp" />
  </ItemGroup>
  <ItemGroup>
    <None Include="test.script" />
  </ItemGroup>
</Project>